
Microsoft Visual Studio Solution File, Format Version 12.00
# Visual Studio Version 17
VisualStudioVersion = 17.3.32929.385
MinimumVisualStudioVersion = 10.0.40219.1
Project("{FAE04EC0-301F-11D3-BF4B-00C04F79EFBC}") = "Shikari", "Shikari\Shikari.csproj", "{A90D16F6-3D39-4FFE-AE7D-C5B60FDAB02F}"
EndProject
Global
	GlobalSection(SolutionConfigurationPlatforms) = preSolution
		Debug|Any CPU = Debug|Any CPU
		Release|Any CPU = Release|Any CPU
	EndGlobalSection
	GlobalSection(ProjectConfigurationPlatforms) = postSolution
		{A90D16F6-3D39-4FFE-AE7D-C5B60FDAB02F}.Debug|Any CPU.ActiveCfg = Debug|Any CPU
		{A90D16F6-3D39-4FFE-AE7D-C5B60FDAB02F}.Debug|Any CPU.Build.0 = Debug|Any CPU
		{A90D16F6-3D39-4FFE-AE7D-C5B60FDAB02F}.Release|Any CPU.ActiveCfg = Release|Any CPU
		{A90D16F6-3D39-4FFE-AE7D-C5B60FDAB02F}.Release|Any CPU.Build.0 = Release|Any CPU
	EndGlobalSection
	GlobalSection(SolutionProperties) = preSolution
		HideSolutionNode = FALSE
	EndGlobalSection
	GlobalSection(ExtensibilityGlobals) = postSolution
		SolutionGuid = {B03EA5E2-36BB-4025-86F8-E2F6E5FF22C1}
	EndGlobalSection
EndGlobal
